
Microsoft Visual Studio Solution File, Format Version 12.00
# Visual Studio Version 17
VisualStudioVersion = 17.7.34202.233
MinimumVisualStudioVersion = 10.0.40219.1
Project("{9A19103F-16F7-4668-BE54-9A1E7A4F7556}") = "ValuationDiamond.Data", "ValuationDiamond.Data\ValuationDiamond.Data.csproj", "{8612B0EB-686F-4A05-B8E7-CB6708B18643}"
EndProject
Project("{9A19103F-16F7-4668-BE54-9A1E7A4F7556}") = "ValuationDiamond.Business", "ValuationDiamond.Bussiness\ValuationDiamond.Business.csproj", "{171AC7DE-3F51-4DD4-ABB7-B78541D8837E}"
EndProject
Project("{9A19103F-16F7-4668-BE54-9A1E7A4F7556}") = "ValuationDiamond.Common", "ValuationDiamond.Common\ValuationDiamond.Common.csproj", "{84D4C364-A533-4E48-AD6E-712B2794278A}"
EndProject
Project("{9A19103F-16F7-4668-BE54-9A1E7A4F7556}") = "ValuationDiamond.WpfApp", "ValuationDiamond.WpfApp\ValuationDiamond.WpfApp.csproj", "{623B2887-BD59-4050-B620-6497DC13A5CA}"
EndProject
Project("{FAE04EC0-301F-11D3-BF4B-00C04F79EFBC}") = "ValuationDiamond.RazorWebApp", "ValuationDiamond.RazorWebApp\ValuationDiamond.RazorWebApp.csproj", "{9D8A19A5-610E-45C3-A6A8-0565F22FCE37}"
EndProject
Global
	GlobalSection(SolutionConfigurationPlatforms) = preSolution
		Debug|Any CPU = Debug|Any CPU
		Release|Any CPU = Release|Any CPU
	EndGlobalSection
	GlobalSection(ProjectConfigurationPlatforms) = postSolution
		{8612B0EB-686F-4A05-B8E7-CB6708B18643}.Debug|Any CPU.ActiveCfg = Debug|Any CPU
		{8612B0EB-686F-4A05-B8E7-CB6708B18643}.Debug|Any CPU.Build.0 = Debug|Any CPU
		{8612B0EB-686F-4A05-B8E7-CB6708B18643}.Release|Any CPU.ActiveCfg = Release|Any CPU
		{8612B0EB-686F-4A05-B8E7-CB6708B18643}.Release|Any CPU.Build.0 = Release|Any CPU
		{171AC7DE-3F51-4DD4-ABB7-B78541D8837E}.Debug|Any CPU.ActiveCfg = Debug|Any CPU
		{171AC7DE-3F51-4DD4-ABB7-B78541D8837E}.Debug|Any CPU.Build.0 = Debug|Any CPU
		{171AC7DE-3F51-4DD4-ABB7-B78541D8837E}.Release|Any CPU.ActiveCfg = Release|Any CPU
		{171AC7DE-3F51-4DD4-ABB7-B78541D8837E}.Release|Any CPU.Build.0 = Release|Any CPU
		{84D4C364-A533-4E48-AD6E-712B2794278A}.Debug|Any CPU.ActiveCfg = Debug|Any CPU
		{84D4C364-A533-4E48-AD6E-712B2794278A}.Debug|Any CPU.Build.0 = Debug|Any CPU
		{84D4C364-A533-4E48-AD6E-712B2794278A}.Release|Any CPU.ActiveCfg = Release|Any CPU
		{84D4C364-A533-4E48-AD6E-712B2794278A}.Release|Any CPU.Build.0 = Release|Any CPU
		{623B2887-BD59-4050-B620-6497DC13A5CA}.Debug|Any CPU.ActiveCfg = Debug|Any CPU
		{623B2887-BD59-4050-B620-6497DC13A5CA}.Debug|Any CPU.Build.0 = Debug|Any CPU
		{623B2887-BD59-4050-B620-6497DC13A5CA}.Release|Any CPU.ActiveCfg = Release|Any CPU
		{623B2887-BD59-4050-B620-6497DC13A5CA}.Release|Any CPU.Build.0 = Release|Any CPU
		{9D8A19A5-610E-45C3-A6A8-0565F22FCE37}.Debug|Any CPU.ActiveCfg = Debug|Any CPU
		{9D8A19A5-610E-45C3-A6A8-0565F22FCE37}.Debug|Any CPU.Build.0 = Debug|Any CPU
		{9D8A19A5-610E-45C3-A6A8-0565F22FCE37}.Release|Any CPU.ActiveCfg = Release|Any CPU
		{9D8A19A5-610E-45C3-A6A8-0565F22FCE37}.Release|Any CPU.Build.0 = Release|Any CPU
	EndGlobalSection
	GlobalSection(SolutionProperties) = preSolution
		HideSolutionNode = FALSE
	EndGlobalSection
	GlobalSection(ExtensibilityGlobals) = postSolution
		SolutionGuid = {F2BC515F-9656-4A17-AAAA-971FF9FDE982}
	EndGlobalSection
EndGlobal
