
Microsoft Visual Studio Solution File, Format Version 12.00
# Visual Studio Version 17
VisualStudioVersion = 17.7.34202.233
MinimumVisualStudioVersion = 10.0.40219.1
Project("{9A19103F-16F7-4668-BE54-9A1E7A4F7556}") = "ValuationDiamond.Data", "ValuationDiamond.Data\ValuationDiamond.Data.csproj", "{8612B0EB-686F-4A05-B8E7-CB6708B18643}"
EndProject
Project("{9A19103F-16F7-4668-BE54-9A1E7A4F7556}") = "ValuationDiamond.Business", "ValuationDiamond.Bussiness\ValuationDiamond.Business.csproj", "{171AC7DE-3F51-4DD4-ABB7-B78541D8837E}"
EndProject
Project("{9A19103F-16F7-4668-BE54-9A1E7A4F7556}") = "ValuationDiamond.RazorWebApp", "ValuationDiamond.RazorWebApps\ValuationDiamond.RazorWebApp.csproj", "{EB1BDFDB-7EB3-4721-A998-08BF91423368}"
EndProject
Project("{9A19103F-16F7-4668-BE54-9A1E7A4F7556}") = "ValuationDiamond.Common", "ValuationDiamond.Common\ValuationDiamond.Common.csproj", "{A498EDC4-9CCD-42E6-A22F-ACDC64D6A908}"
EndProject
Project("{FAE04EC0-301F-11D3-BF4B-00C04F79EFBC}") = "ValuDia.WpfApp", "ValuDia.WpfApp\ValuDia.WpfApp.csproj", "{BCD8AAB1-6983-45B0-9EA3-4E406813F86D}"
EndProject
Global
	GlobalSection(SolutionConfigurationPlatforms) = preSolution
		Debug|Any CPU = Debug|Any CPU
		Release|Any CPU = Release|Any CPU
	EndGlobalSection
	GlobalSection(ProjectConfigurationPlatforms) = postSolution
		{8612B0EB-686F-4A05-B8E7-CB6708B18643}.Debug|Any CPU.ActiveCfg = Debug|Any CPU
		{8612B0EB-686F-4A05-B8E7-CB6708B18643}.Debug|Any CPU.Build.0 = Debug|Any CPU
		{8612B0EB-686F-4A05-B8E7-CB6708B18643}.Release|Any CPU.ActiveCfg = Release|Any CPU
		{8612B0EB-686F-4A05-B8E7-CB6708B18643}.Release|Any CPU.Build.0 = Release|Any CPU
		{171AC7DE-3F51-4DD4-ABB7-B78541D8837E}.Debug|Any CPU.ActiveCfg = Debug|Any CPU
		{171AC7DE-3F51-4DD4-ABB7-B78541D8837E}.Debug|Any CPU.Build.0 = Debug|Any CPU
		{171AC7DE-3F51-4DD4-ABB7-B78541D8837E}.Release|Any CPU.ActiveCfg = Release|Any CPU
		{171AC7DE-3F51-4DD4-ABB7-B78541D8837E}.Release|Any CPU.Build.0 = Release|Any CPU
		{EB1BDFDB-7EB3-4721-A998-08BF91423368}.Debug|Any CPU.ActiveCfg = Debug|Any CPU
		{EB1BDFDB-7EB3-4721-A998-08BF91423368}.Debug|Any CPU.Build.0 = Debug|Any CPU
		{EB1BDFDB-7EB3-4721-A998-08BF91423368}.Release|Any CPU.ActiveCfg = Release|Any CPU
		{EB1BDFDB-7EB3-4721-A998-08BF91423368}.Release|Any CPU.Build.0 = Release|Any CPU
		{A498EDC4-9CCD-42E6-A22F-ACDC64D6A908}.Debug|Any CPU.ActiveCfg = Debug|Any CPU
		{A498EDC4-9CCD-42E6-A22F-ACDC64D6A908}.Debug|Any CPU.Build.0 = Debug|Any CPU
		{A498EDC4-9CCD-42E6-A22F-ACDC64D6A908}.Release|Any CPU.ActiveCfg = Release|Any CPU
		{A498EDC4-9CCD-42E6-A22F-ACDC64D6A908}.Release|Any CPU.Build.0 = Release|Any CPU
		{BCD8AAB1-6983-45B0-9EA3-4E406813F86D}.Debug|Any CPU.ActiveCfg = Debug|Any CPU
		{BCD8AAB1-6983-45B0-9EA3-4E406813F86D}.Debug|Any CPU.Build.0 = Debug|Any CPU
		{BCD8AAB1-6983-45B0-9EA3-4E406813F86D}.Release|Any CPU.ActiveCfg = Release|Any CPU
		{BCD8AAB1-6983-45B0-9EA3-4E406813F86D}.Release|Any CPU.Build.0 = Release|Any CPU
	EndGlobalSection
	GlobalSection(SolutionProperties) = preSolution
		HideSolutionNode = FALSE
	EndGlobalSection
	GlobalSection(ExtensibilityGlobals) = postSolution
		SolutionGuid = {F2BC515F-9656-4A17-AAAA-971FF9FDE982}
	EndGlobalSection
EndGlobal
